
Microsoft Visual Studio Solution File, Format Version 12.00
# Visual Studio 15
Project("{FAE04EC0-301F-11D3-BF4B-00C04F79EFBC}") = "poc-rabbitmq-producer", "poc-rabbitmq-producer\poc-rabbitmq-producer.csproj", "{E08C0E2E-D645-4D98-9D2B-8965E89EEBA3}"
EndProject
Global
	GlobalSection(SolutionConfigurationPlatforms) = preSolution
		Debug|Any CPU = Debug|Any CPU
		Release|Any CPU = Release|Any CPU
	EndGlobalSection
	GlobalSection(ProjectConfigurationPlatforms) = postSolution
		{E08C0E2E-D645-4D98-9D2B-8965E89EEBA3}.Debug|Any CPU.ActiveCfg = Debug|Any CPU
		{E08C0E2E-D645-4D98-9D2B-8965E89EEBA3}.Debug|Any CPU.Build.0 = Debug|Any CPU
		{E08C0E2E-D645-4D98-9D2B-8965E89EEBA3}.Release|Any CPU.ActiveCfg = Release|Any CPU
		{E08C0E2E-D645-4D98-9D2B-8965E89EEBA3}.Release|Any CPU.Build.0 = Release|Any CPU
	EndGlobalSection
EndGlobal
